
Microsoft Visual Studio Solution File, Format Version 12.00
# Visual Studio Version 17
VisualStudioVersion = 17.4.33122.133
MinimumVisualStudioVersion = 10.0.40219.1
Project("{FAE04EC0-301F-11D3-BF4B-00C04F79EFBC}") = "VerifyEmailForgetPasswordTutorial", "VerifyEmailForgetPasswordTutorial\VerifyEmailForgetPasswordTutorial.csproj", "{89E0E6BA-91D4-4D68-8F55-360A1425BDEF}"
EndProject
Global
	GlobalSection(SolutionConfigurationPlatforms) = preSolution
		Debug|Any CPU = Debug|Any CPU
		Release|Any CPU = Release|Any CPU
	EndGlobalSection
	GlobalSection(ProjectConfigurationPlatforms) = postSolution
		{89E0E6BA-91D4-4D68-8F55-360A1425BDEF}.Debug|Any CPU.ActiveCfg = Debug|Any CPU
		{89E0E6BA-91D4-4D68-8F55-360A1425BDEF}.Debug|Any CPU.Build.0 = Debug|Any CPU
		{89E0E6BA-91D4-4D68-8F55-360A1425BDEF}.Release|Any CPU.ActiveCfg = Release|Any CPU
		{89E0E6BA-91D4-4D68-8F55-360A1425BDEF}.Release|Any CPU.Build.0 = Release|Any CPU
	EndGlobalSection
	GlobalSection(SolutionProperties) = preSolution
		HideSolutionNode = FALSE
	EndGlobalSection
	GlobalSection(ExtensibilityGlobals) = postSolution
		SolutionGuid = {86D4F3D6-4A32-4BEF-999A-09C39F7A0FCA}
	EndGlobalSection
EndGlobal
